<?xml version="1.0" encoding="utf-8"?>
<Project ToolsVersion="4.0" xmlns="http://schemas.microsoft.com/developer/msbuild/2003">
  <ItemGroup>
    <Filter Include="Source Files">
      <UniqueIdentifier>{4FC737F1-C7A5-4376-A066-2A32D752A2FF}</UniqueIdentifier>
      <Extensions>cpp;cxx;c;def</Extensions>
    </Filter>
    <Filter Include="Header Files">
      <UniqueIdentifier>{93995380-89BD-4b04-88EB-625FBE52EBFB}</UniqueIdentifier>
      <Extensions>h</Extensions>
    </Filter>
    <Filter Include="Form Files">
      <UniqueIdentifier>{99349809-55BA-4b9d-BF79-8FDBB0286EB3}</UniqueIdentifier>
      <Extensions>ui</Extensions>
    </Filter>
    <Filter Include="Resource Files">
      <UniqueIdentifier>{D9D6E242-F8AF-46E4-B9FD-80ECBC20BA3E}</UniqueIdentifier>
      <Extensions>qrc;*</Extensions>
      <ParseFiles>false</ParseFiles>
    </Filter>
    <Filter Include="Generated Files">
      <UniqueIdentifier>{71ED8ED8-ACB9-4CE9-BBE1-E00B30144E11}</UniqueIdentifier>
      <Extensions>moc;h;cpp</Extensions>
      <SourceControlFiles>False</SourceControlFiles>
    </Filter>
    <Filter Include="Generated Files\Debug">
      <UniqueIdentifier>{e11ceee3-2473-41d2-aa87-a7259ffa0635}</UniqueIdentifier>
      <Extensions>cpp;moc</Extensions>
      <SourceControlFiles>False</SourceControlFiles>
    </Filter>
    <Filter Include="Generated Files\Release">
      <UniqueIdentifier>{b3d8474e-d7c3-40e8-b7f6-9f0937d733f4}</UniqueIdentifier>
      <Extensions>cpp;moc</Extensions>
      <SourceControlFiles>False</SourceControlFiles>
    </Filter>
  </ItemGroup>
  <ItemGroup>
    <ClCompile Include="sample_layout_1.cpp">
      <Filter>Source Files</Filter>
    </ClCompile>
    <ClCompile Include="test_vid.cpp">
      <Filter>Source Files</Filter>
    </ClCompile>
    <ClCompile Include="analogdial.cpp">
      <Filter>Source Files</Filter>
    </ClCompile>
    <ClCompile Include="hand_status.cpp">
      <Filter>Source Files</Filter>
    </ClCompile>
    <ClCompile Include="GeneratedFiles\qrc_sample_layout_1.cpp">
      <Filter>Generated Files</Filter>
    </ClCompile>
    <ClCompile Include="GeneratedFiles\Debug\moc_sample_layout_1.cpp">
      <Filter>Generated Files\Debug</Filter>
    </ClCompile>
    <ClCompile Include="GeneratedFiles\Release\moc_sample_layout_1.cpp">
      <Filter>Generated Files\Release</Filter>
    </ClCompile>
    <ClCompile Include="main.cpp">
      <Filter>Source Files</Filter>
    </ClCompile>
    <ClCompile Include="realsense_opencv_tools.cpp">
      <Filter>Source Files</Filter>
    </ClCompile>
    <ClCompile Include="empty_window.cpp">
      <Filter>Source Files</Filter>
    </ClCompile>
    <ClCompile Include="GeneratedFiles\Debug\moc_empty_window.cpp">
      <Filter>Generated Files\Debug</Filter>
    </ClCompile>
    <ClCompile Include="GeneratedFiles\Release\moc_empty_window.cpp">
      <Filter>Generated Files\Release</Filter>
    </ClCompile>
    <ClCompile Include="mydialog.cpp">
      <Filter>Source Files</Filter>
    </ClCompile>
    <ClCompile Include="GeneratedFiles\Debug\moc_mydialog.cpp">
      <Filter>Generated Files\Debug</Filter>
    </ClCompile>
    <ClCompile Include="GeneratedFiles\Release\moc_mydialog.cpp">
      <Filter>Generated Files\Release</Filter>
    </ClCompile>
    <ClCompile Include="hsv_selector.cpp">
      <Filter>Source Files</Filter>
    </ClCompile>
    <ClCompile Include="GeneratedFiles\Debug\moc_hsv_selector.cpp">
      <Filter>Generated Files\Debug</Filter>
    </ClCompile>
    <ClCompile Include="GeneratedFiles\Release\moc_hsv_selector.cpp">
      <Filter>Generated Files\Release</Filter>
    </ClCompile>
  </ItemGroup>
  <ItemGroup>
    <CustomBuild Include="sample_layout_1.qrc">
      <Filter>Resource Files</Filter>
    </CustomBuild>
    <CustomBuild Include="sample_layout_1.h">
      <Filter>Header Files</Filter>
    </CustomBuild>
    <CustomBuild Include="sample_layout_1.ui">
      <Filter>Form Files</Filter>
    </CustomBuild>
    <CustomBuild Include="empty_window.h">
      <Filter>Header Files</Filter>
    </CustomBuild>
    <CustomBuild Include="empty_window.ui">
      <Filter>Form Files</Filter>
    </CustomBuild>
    <CustomBuild Include="mydialog.h">
      <Filter>Header Files</Filter>
    </CustomBuild>
    <CustomBuild Include="mydialog.ui">
      <Filter>Form Files</Filter>
    </CustomBuild>
    <CustomBuild Include="hsv_selector.h">
      <Filter>Header Files</Filter>
    </CustomBuild>
    <CustomBuild Include="HSV_Selector.ui">
      <Filter>Form Files</Filter>
    </CustomBuild>
  </ItemGroup>
  <ItemGroup>
    <ClInclude Include="analogdial.h">
      <Filter>Header Files</Filter>
    </ClInclude>
    <ClInclude Include="hand_status.h">
      <Filter>Header Files</Filter>
    </ClInclude>
    <ClInclude Include="handData_Definitions.h">
      <Filter>Header Files</Filter>
    </ClInclude>
    <ClInclude Include="test_vid.h">
      <Filter>Header Files</Filter>
    </ClInclude>
    <ClInclude Include="GeneratedFiles\ui_sample_layout_1.h">
      <Filter>Generated Files</Filter>
    </ClInclude>
    <ClInclude Include="realsense_opencv_tools.h">
      <Filter>Resource Files</Filter>
    </ClInclude>
    <ClInclude Include="GeneratedFiles\ui_empty_window.h">
      <Filter>Generated Files</Filter>
    </ClInclude>
    <ClInclude Include="resource.h">
      <Filter>Header Files</Filter>
    </ClInclude>
    <ClInclude Include="GeneratedFiles\ui_mydialog.h">
      <Filter>Generated Files</Filter>
    </ClInclude>
    <ClInclude Include="GeneratedFiles\ui_HSV_Selector.h">
      <Filter>Generated Files</Filter>
    </ClInclude>
  </ItemGroup>
  <ItemGroup>
    <None Include="setup guide.md">
      <Filter>Resource Files</Filter>
    </None>
    <None Include="notes.md">
      <Filter>Resource Files</Filter>
    </None>
  </ItemGroup>
  <ItemGroup>
    <Text Include="DevelopmentMachin_SDKViewerSpecs.TXT">
      <Filter>Resource Files</Filter>
    </Text>
  </ItemGroup>
  <ItemGroup>
    <ResourceCompile Include="wristAngle_camSense_GUI.rc" />
  </ItemGroup>
</Project>